
Microsoft Visual Studio Solution File, Format Version 12.00
# Visual Studio 15
VisualStudioVersion = 15.0.28307.329
MinimumVisualStudioVersion = 10.0.40219.1
Project("{FAE04EC0-301F-11D3-BF4B-00C04F79EFBC}") = "AbstractTourFirm_-_WPF_View", "AbstractTourFirm\AbstractTourFirm_-_WPF_View.csproj", "{F16A272C-21EE-4AAE-8F8B-B63F70B25E20}"
EndProject
Project("{FAE04EC0-301F-11D3-BF4B-00C04F79EFBC}") = "AbstractTourFirm_-_Models", "AbstractTourFirm_-_Models\AbstractTourFirm_-_Models.csproj", "{9680B0C5-14F5-41F9-8BBE-0D3D443A2490}"
EndProject
Project("{FAE04EC0-301F-11D3-BF4B-00C04F79EFBC}") = "AbstractTourFirm_-_ServiceDAL", "AbstractTourFirm_-_ServiceDAL\AbstractTourFirm_-_ServiceDAL.csproj", "{98D89ABC-6A2A-4CC1-83F7-CB88CB9E7D54}"
EndProject
Project("{FAE04EC0-301F-11D3-BF4B-00C04F79EFBC}") = "AbstractTourFirm_-_ServiceImplementsDataBase", "AbstractTourFirm_-_ServiceImplementsDataBase\AbstractTourFirm_-_ServiceImplementsDataBase.csproj", "{79DD9CD0-8423-44D7-9126-D294219ACF08}"
EndProject
Global
	GlobalSection(SolutionConfigurationPlatforms) = preSolution
		Debug|Any CPU = Debug|Any CPU
		Release|Any CPU = Release|Any CPU
	EndGlobalSection
	GlobalSection(ProjectConfigurationPlatforms) = postSolution
		{F16A272C-21EE-4AAE-8F8B-B63F70B25E20}.Debug|Any CPU.ActiveCfg = Debug|Any CPU
		{F16A272C-21EE-4AAE-8F8B-B63F70B25E20}.Debug|Any CPU.Build.0 = Debug|Any CPU
		{F16A272C-21EE-4AAE-8F8B-B63F70B25E20}.Release|Any CPU.ActiveCfg = Release|Any CPU
		{F16A272C-21EE-4AAE-8F8B-B63F70B25E20}.Release|Any CPU.Build.0 = Release|Any CPU
		{9680B0C5-14F5-41F9-8BBE-0D3D443A2490}.Debug|Any CPU.ActiveCfg = Debug|Any CPU
		{9680B0C5-14F5-41F9-8BBE-0D3D443A2490}.Debug|Any CPU.Build.0 = Debug|Any CPU
		{9680B0C5-14F5-41F9-8BBE-0D3D443A2490}.Release|Any CPU.ActiveCfg = Release|Any CPU
		{9680B0C5-14F5-41F9-8BBE-0D3D443A2490}.Release|Any CPU.Build.0 = Release|Any CPU
		{98D89ABC-6A2A-4CC1-83F7-CB88CB9E7D54}.Debug|Any CPU.ActiveCfg = Debug|Any CPU
		{98D89ABC-6A2A-4CC1-83F7-CB88CB9E7D54}.Debug|Any CPU.Build.0 = Debug|Any CPU
		{98D89ABC-6A2A-4CC1-83F7-CB88CB9E7D54}.Release|Any CPU.ActiveCfg = Release|Any CPU
		{98D89ABC-6A2A-4CC1-83F7-CB88CB9E7D54}.Release|Any CPU.Build.0 = Release|Any CPU
		{79DD9CD0-8423-44D7-9126-D294219ACF08}.Debug|Any CPU.ActiveCfg = Debug|Any CPU
		{79DD9CD0-8423-44D7-9126-D294219ACF08}.Debug|Any CPU.Build.0 = Debug|Any CPU
		{79DD9CD0-8423-44D7-9126-D294219ACF08}.Release|Any CPU.ActiveCfg = Release|Any CPU
		{79DD9CD0-8423-44D7-9126-D294219ACF08}.Release|Any CPU.Build.0 = Release|Any CPU
	EndGlobalSection
	GlobalSection(SolutionProperties) = preSolution
		HideSolutionNode = FALSE
	EndGlobalSection
	GlobalSection(ExtensibilityGlobals) = postSolution
		SolutionGuid = {1CFD6510-50AC-427A-A172-7B83E9A93971}
	EndGlobalSection
EndGlobal
